
Microsoft Visual Studio Solution File, Format Version 12.00
# Visual Studio Version 17
VisualStudioVersion = 17.13.35507.96 d17.13
MinimumVisualStudioVersion = 10.0.40219.1
Project("{FAE04EC0-301F-11D3-BF4B-00C04F79EFBC}") = "TaskManagementApp", "TaskManagementApp.csproj", "{EAC91091-4C1A-4054-B744-DB119B79B776}"
EndProject
Global
	GlobalSection(SolutionConfigurationPlatforms) = preSolution
		Debug|Any CPU = Debug|Any CPU
		Release|Any CPU = Release|Any CPU
	EndGlobalSection
	GlobalSection(ProjectConfigurationPlatforms) = postSolution
		{EAC91091-4C1A-4054-B744-DB119B79B776}.Debug|Any CPU.ActiveCfg = Debug|Any CPU
		{EAC91091-4C1A-4054-B744-DB119B79B776}.Debug|Any CPU.Build.0 = Debug|Any CPU
		{EAC91091-4C1A-4054-B744-DB119B79B776}.Release|Any CPU.ActiveCfg = Release|Any CPU
		{EAC91091-4C1A-4054-B744-DB119B79B776}.Release|Any CPU.Build.0 = Release|Any CPU
	EndGlobalSection
	GlobalSection(SolutionProperties) = preSolution
		HideSolutionNode = FALSE
	EndGlobalSection
	GlobalSection(ExtensibilityGlobals) = postSolution
		SolutionGuid = {BDB6A48B-B7C8-406C-8597-A59598667843}
	EndGlobalSection
EndGlobal
